// !$*UTF8*$!
{
	archiveVersion = 1;
	classes = {
	};
	objectVersion = 46;
	objects = {

/* Begin PBXBuildFile section */
		8C0C74531CFF739900038D36 /* Main.storyboard in Resources */ = {isa = PBXBuildFile; fileRef = 8C0C74511CFF739900038D36 /* Main.storyboard */; };
		8C0C74561CFF739900038D36 /* CheckItOff3.xcdatamodeld in Sources */ = {isa = PBXBuildFile; fileRef = 8C0C74541CFF739900038D36 /* CheckItOff3.xcdatamodeld */; };
		8C0C74581CFF739900038D36 /* Assets.xcassets in Resources */ = {isa = PBXBuildFile; fileRef = 8C0C74571CFF739900038D36 /* Assets.xcassets */; };
		8C0C745B1CFF739900038D36 /* LaunchScreen.storyboard in Resources */ = {isa = PBXBuildFile; fileRef = 8C0C74591CFF739900038D36 /* LaunchScreen.storyboard */; };
		8C6567861D01F0CD00A869DA /* Colors+CustomColors.swift in Sources */ = {isa = PBXBuildFile; fileRef = 8C0C74661D013B0D00038D36 /* Colors+CustomColors.swift */; };
		8C6567871D01F0D100A869DA /* AppDelegate.swift in Sources */ = {isa = PBXBuildFile; fileRef = 8C0C744D1CFF739900038D36 /* AppDelegate.swift */; };
		8C6567881D01F0D400A869DA /* ViewController.swift in Sources */ = {isa = PBXBuildFile; fileRef = 8C0C744F1CFF739900038D36 /* ViewController.swift */; };
		8C6567891D01F0D700A869DA /* tableViewCellTableViewCell.swift in Sources */ = {isa = PBXBuildFile; fileRef = 8C0C74641D00EB3C00038D36 /* tableViewCellTableViewCell.swift */; };
		8C65678B1D01F0DC00A869DA /* Items+CoreDataProperties.swift in Sources */ = {isa = PBXBuildFile; fileRef = 8C0C74701D01E6D800038D36 /* Items+CoreDataProperties.swift */; };
		8C65678C1D01F0E000A869DA /* Items.swift in Sources */ = {isa = PBXBuildFile; fileRef = 8C0C74711D01E6D800038D36 /* Items.swift */; };
		8C65678D1D01F12900A869DA /* CoreDataDetails.swift in Sources */ = {isa = PBXBuildFile; fileRef = 8C0C746C1D01423900038D36 /* CoreDataDetails.swift */; };
		8C65678E1D01F15800A869DA /* AddNewItemViewController.swift in Sources */ = {isa = PBXBuildFile; fileRef = 8C0C74621D00DFE300038D36 /* AddNewItemViewController.swift */; };
/* End PBXBuildFile section */

/* Begin PBXFileReference section */
		8C0C744A1CFF739900038D36 /* CheckItOff3.app */ = {isa = PBXFileReference; explicitFileType = wrapper.application; includeInIndex = 0; path = CheckItOff3.app; sourceTree = BUILT_PRODUCTS_DIR; };
		8C0C744D1CFF739900038D36 /* AppDelegate.swift */ = {isa = PBXFileReference; lastKnownFileType = sourcecode.swift; path = AppDelegate.swift; sourceTree = "<group>"; };
		8C0C744F1CFF739900038D36 /* ViewController.swift */ = {isa = PBXFileReference; lastKnownFileType = sourcecode.swift; path = ViewController.swift; sourceTree = "<group>"; };
		8C0C74521CFF739900038D36 /* Base */ = {isa = PBXFileReference; lastKnownFileType = file.storyboard; name = Base; path = Base.lproj/Main.storyboard; sourceTree = "<group>"; };
		8C0C74551CFF739900038D36 /* CheckItOff3.xcdatamodel */ = {isa = PBXFileReference; lastKnownFileType = wrapper.xcdatamodel; path = CheckItOff3.xcdatamodel; sourceTree = "<group>"; };
		8C0C74571CFF739900038D36 /* Assets.xcassets */ = {isa = PBXFileReference; lastKnownFileType = folder.assetcatalog; path = Assets.xcassets; sourceTree = "<group>"; };
		8C0C745A1CFF739900038D36 /* Base */ = {isa = PBXFileReference; lastKnownFileType = file.storyboard; name = Base; path = Base.lproj/LaunchScreen.storyboard; sourceTree = "<group>"; };
		8C0C745C1CFF739900038D36 /* Info.plist */ = {isa = PBXFileReference; lastKnownFileType = text.plist.xml; path = Info.plist; sourceTree = "<group>"; };
		8C0C74621D00DFE300038D36 /* AddNewItemViewController.swift */ = {isa = PBXFileReference; fileEncoding = 4; lastKnownFileType = sourcecode.swift; path = AddNewItemViewController.swift; sourceTree = "<group>"; };
		8C0C74641D00EB3C00038D36 /* tableViewCellTableViewCell.swift */ = {isa = PBXFileReference; fileEncoding = 4; lastKnownFileType = sourcecode.swift; path = tableViewCellTableViewCell.swift; sourceTree = "<group>"; };
		8C0C74661D013B0D00038D36 /* Colors+CustomColors.swift */ = {isa = PBXFileReference; fileEncoding = 4; lastKnownFileType = sourcecode.swift; path = "Colors+CustomColors.swift"; sourceTree = "<group>"; };
		8C0C746C1D01423900038D36 /* CoreDataDetails.swift */ = {isa = PBXFileReference; fileEncoding = 4; lastKnownFileType = sourcecode.swift; path = CoreDataDetails.swift; sourceTree = "<group>"; };
		8C0C74701D01E6D800038D36 /* Items+CoreDataProperties.swift */ = {isa = PBXFileReference; fileEncoding = 4; lastKnownFileType = sourcecode.swift; name = "Items+CoreDataProperties.swift"; path = "../Items+CoreDataProperties.swift"; sourceTree = "<group>"; };
		8C0C74711D01E6D800038D36 /* Items.swift */ = {isa = PBXFileReference; fileEncoding = 4; lastKnownFileType = sourcecode.swift; name = Items.swift; path = ../Items.swift; sourceTree = "<group>"; };
/* End PBXFileReference section */

/* Begin PBXFrameworksBuildPhase section */
		8C0C74471CFF739900038D36 /* Frameworks */ = {
			isa = PBXFrameworksBuildPhase;
			buildActionMask = 2147483647;
			files = (
			);
			runOnlyForDeploymentPostprocessing = 0;
		};
/* End PBXFrameworksBuildPhase section */

/* Begin PBXGroup section */
		8C0C74411CFF739900038D36 = {
			isa = PBXGroup;
			children = (
				8C0C746C1D01423900038D36 /* CoreDataDetails.swift */,
				8C0C744C1CFF739900038D36 /* CheckItOff3 */,
				8C0C744B1CFF739900038D36 /* Products */,
			);
			sourceTree = "<group>";
		};
		8C0C744B1CFF739900038D36 /* Products */ = {
			isa = PBXGroup;
			children = (
				8C0C744A1CFF739900038D36 /* CheckItOff3.app */,
			);
			name = Products;
			sourceTree = "<group>";
		};
		8C0C744C1CFF739900038D36 /* CheckItOff3 */ = {
			isa = PBXGroup;
			children = (
				8C0C74661D013B0D00038D36 /* Colors+CustomColors.swift */,
				8C0C744D1CFF739900038D36 /* AppDelegate.swift */,
				8C0C744F1CFF739900038D36 /* ViewController.swift */,
				8C0C74641D00EB3C00038D36 /* tableViewCellTableViewCell.swift */,
				8C0C74621D00DFE300038D36 /* AddNewItemViewController.swift */,
				8C0C74701D01E6D800038D36 /* Items+CoreDataProperties.swift */,
				8C0C74711D01E6D800038D36 /* Items.swift */,
				8C0C74511CFF739900038D36 /* Main.storyboard */,
				8C0C74571CFF739900038D36 /* Assets.xcassets */,
				8C0C74591CFF739900038D36 /* LaunchScreen.storyboard */,
				8C0C745C1CFF739900038D36 /* Info.plist */,
				8C0C74541CFF739900038D36 /* CheckItOff3.xcdatamodeld */,
			);
			path = CheckItOff3;
			sourceTree = "<group>";
		};
/* End PBXGroup section */

/* Begin PBXNativeTarget section */
		8C0C74491CFF739900038D36 /* CheckItOff3 */ = {
			isa = PBXNativeTarget;
			buildConfigurationList = 8C0C745F1CFF739900038D36 /* Build configuration list for PBXNativeTarget "CheckItOff3" */;
			buildPhases = (
				8C0C74461CFF739900038D36 /* Sources */,
				8C0C74471CFF739900038D36 /* Frameworks */,
				8C0C74481CFF739900038D36 /* Resources */,
			);
			buildRules = (
			);
			dependencies = (
			);
			name = CheckItOff3;
			productName = CheckItOff3;
			productReference = 8C0C744A1CFF739900038D36 /* CheckItOff3.app */;
			productType = "com.apple.product-type.application";
		};
/* End PBXNativeTarget section */

/* Begin PBXProject section */
		8C0C74421CFF739900038D36 /* Project object */ = {
			isa = PBXProject;
			attributes = {
				LastSwiftUpdateCheck = 0730;
				LastUpgradeCheck = 0730;
				ORGANIZATIONNAME = Dr.G;
				TargetAttributes = {
					8C0C74491CFF739900038D36 = {
						CreatedOnToolsVersion = 7.3.1;
					};
				};
			};
			buildConfigurationList = 8C0C74451CFF739900038D36 /* Build configuration list for PBXProject "CheckItOff3" */;
			compatibilityVersion = "Xcode 3.2";
			developmentRegion = English;
			hasScannedForEncodings = 0;
			knownRegions = (
				en,
				Base,
			);
			mainGroup = 8C0C74411CFF739900038D36;
			productRefGroup = 8C0C744B1CFF739900038D36 /* Products */;
			projectDirPath = "";
			projectRoot = "";
			targets = (
				8C0C74491CFF739900038D36 /* CheckItOff3 */,
			);
		};
/* End PBXProject section */

/* Begin PBXResourcesBuildPhase section */
		8C0C74481CFF739900038D36 /* Resources */ = {
			isa = PBXResourcesBuildPhase;
			buildActionMask = 2147483647;
			files = (
				8C0C745B1CFF739900038D36 /* LaunchScreen.storyboard in Resources */,
				8C0C74581CFF739900038D36 /* Assets.xcassets in Resources */,
				8C0C74531CFF739900038D36 /* Main.storyboard in Resources */,
			);
			runOnlyForDeploymentPostprocessing = 0;
		};
/* End PBXResourcesBuildPhase section */

/* Begin PBXSourcesBuildPhase section */
		8C0C74461CFF739900038D36 /* Sources */ = {
			isa = PBXSourcesBuildPhase;
			buildActionMask = 2147483647;
			files = (
				8C0C74561CFF739900038D36 /* CheckItOff3.xcdatamodeld in Sources */,
				8C65678D1D01F12900A869DA /* CoreDataDetails.swift in Sources */,
				8C65678E1D01F15800A869DA /* AddNewItemViewController.swift in Sources */,
				8C6567871D01F0D100A869DA /* AppDelegate.swift in Sources */,
				8C6567891D01F0D700A869DA /* tableViewCellTableViewCell.swift in Sources */,
				8C65678C1D01F0E000A869DA /* Items.swift in Sources */,
				8C6567881D01F0D400A869DA /* ViewController.swift in Sources */,
				8C65678B1D01F0DC00A869DA /* Items+CoreDataProperties.swift in Sources */,
				8C6567861D01F0CD00A869DA /* Colors+CustomColors.swift in Sources */,
			);
			runOnlyForDeploymentPostprocessing = 0;
		};
/* End PBXSourcesBuildPhase section */

/* Begin PBXVariantGroup section */
		8C0C74511CFF739900038D36 /* Main.storyboard */ = {
			isa = PBXVariantGroup;
			children = (
				8C0C74521CFF739900038D36 /* Base */,
			);
			name = Main.storyboard;
			sourceTree = "<group>";
		};
		8C0C74591CFF739900038D36 /* LaunchScreen.storyboard */ = {
			isa = PBXVariantGroup;
			children = (
				8C0C745A1CFF739900038D36 /* Base */,
			);
			name = LaunchScreen.storyboard;
			sourceTree = "<group>";
		};
/* End PBXVariantGroup section */

/* Begin XCBuildConfiguration section */
		8C0C745D1CFF739900038D36 /* Debug */ = {
			isa = XCBuildConfiguration;
			buildSettings = {
				ALWAYS_SEARCH_USER_PATHS = NO;
				CLANG_ANALYZER_NONNULL = YES;
				CLANG_CXX_LANGUAGE_STANDARD = "gnu++0x";
				CLANG_CXX_LIBRARY = "libc++";
				CLANG_ENABLE_MODULES = YES;
				CLANG_ENABLE_OBJC_ARC = YES;
				CLANG_WARN_BOOL_CONVERSION = YES;
				CLANG_WARN_CONSTANT_CONVERSION = YES;
				CLANG_WARN_DIRECT_OBJC_ISA_USAGE = YES_ERROR;
				CLANG_WARN_EMPTY_BODY = YES;
				CLANG_WARN_ENUM_CONVERSION = YES;
				CLANG_WARN_INT_CONVERSION = YES;
				CLANG_WARN_OBJC_ROOT_CLASS = YES_ERROR;
				CLANG_WARN_UNREACHABLE_CODE = YES;
				CLANG_WARN__DUPLICATE_METHOD_MATCH = YES;
				"CODE_SIGN_IDENTITY[sdk=iphoneos*]" = "iPhone Developer";
				COPY_PHASE_STRIP = NO;
				DEBUG_INFORMATION_FORMAT = dwarf;
				ENABLE_STRICT_OBJC_MSGSEND = YES;
				ENABLE_TESTABILITY = YES;
				GCC_C_LANGUAGE_STANDARD = gnu99;
				GCC_DYNAMIC_NO_PIC = NO;
				GCC_NO_COMMON_BLOCKS = YES;
				GCC_OPTIMIZATION_LEVEL = 0;
				GCC_PREPROCESSOR_DEFINITIONS = (
					"DEBUG=1",
					"$(inherited)",
				);
				GCC_WARN_64_TO_32_BIT_CONVERSION = YES;
				GCC_WARN_ABOUT_RETURN_TYPE = YES_ERROR;
				GCC_WARN_UNDECLARED_SELECTOR = YES;
				GCC_WARN_UNINITIALIZED_AUTOS = YES_AGGRESSIVE;
				GCC_WARN_UNUSED_FUNCTION = YES;
				GCC_WARN_UNUSED_VARIABLE = YES;
				IPHONEOS_DEPLOYMENT_TARGET = 9.3;
				MTL_ENABLE_DEBUG_INFO = YES;
				ONLY_ACTIVE_ARCH = YES;
				SDKROOT = iphoneos;
				SWIFT_OPTIMIZATION_LEVEL = "-Onone";
				TARGETED_DEVICE_FAMILY = "1,2";
			};
			name = Debug;
		};
		8C0C745E1CFF739900038D36 /* Release */ = {
			isa = XCBuildConfiguration;
			buildSettings = {
				ALWAYS_SEARCH_USER_PATHS = NO;
				CLANG_ANALYZER_NONNULL = YES;
				CLANG_CXX_LANGUAGE_STANDARD = "gnu++0x";
				CLANG_CXX_LIBRARY = "libc++";
				CLANG_ENABLE_MODULES = YES;
				CLANG_ENABLE_OBJC_ARC = YES;
				CLANG_WARN_BOOL_CONVERSION = YES;
				CLANG_WARN_CONSTANT_CONVERSION = YES;
				CLANG_WARN_DIRECT_OBJC_ISA_USAGE = YES_ERROR;
				CLANG_WARN_EMPTY_BODY = YES;
				CLANG_WARN_ENUM_CONVERSION = YES;
				CLANG_WARN_INT_CONVERSION = YES;
				CLANG_WARN_OBJC_ROOT_CLASS = YES_ERROR;
				CLANG_WARN_UNREACHABLE_CODE = YES;
				CLANG_WARN__DUPLICATE_METHOD_MATCH = YES;
				"CODE_SIGN_IDENTITY[sdk=iphoneos*]" = "iPhone Developer";
				COPY_PHASE_STRIP = NO;
				DEBUG_INFORMATION_FORMAT = "dwarf-with-dsym";
				ENABLE_NS_ASSERTIONS = NO;
				ENABLE_STRICT_OBJC_MSGSEND = YES;
				GCC_C_LANGUAGE_STANDARD = gnu99;
				GCC_NO_COMMON_BLOCKS = YES;
				GCC_WARN_64_TO_32_BIT_CONVERSION = YES;
				GCC_WARN_ABOUT_RETURN_TYPE = YES_ERROR;
				GCC_WARN_UNDECLARED_SELECTOR = YES;
				GCC_WARN_UNINITIALIZED_AUTOS = YES_AGGRESSIVE;
				GCC_WARN_UNUSED_FUNCTION = YES;
				GCC_WARN_UNUSED_VARIABLE = YES;
				IPHONEOS_DEPLOYMENT_TARGET = 9.3;
				MTL_ENABLE_DEBUG_INFO = NO;
				SDKROOT = iphoneos;
				TARGETED_DEVICE_FAMILY = "1,2";
				VALIDATE_PRODUCT = YES;
			};
			name = Release;
		};
		8C0C74601CFF739900038D36 /* Debug */ = {
			isa = XCBuildConfiguration;
			buildSettings = {
				ASSETCATALOG_COMPILER_APPICON_NAME = AppIcon;
				INFOPLIST_FILE = CheckItOff3/Info.plist;
				LD_RUNPATH_SEARCH_PATHS = "$(inherited) @executable_path/Frameworks";
				PRODUCT_BUNDLE_IDENTIFIER = com.DrG.CheckItOff3;
				PRODUCT_NAME = "$(TARGET_NAME)";
			};
			name = Debug;
		};
		8C0C74611CFF739900038D36 /* Release */ = {
			isa = XCBuildConfiguration;
			buildSettings = {
				ASSETCATALOG_COMPILER_APPICON_NAME = AppIcon;
				INFOPLIST_FILE = CheckItOff3/Info.plist;
				LD_RUNPATH_SEARCH_PATHS = "$(inherited) @executable_path/Frameworks";
				PRODUCT_BUNDLE_IDENTIFIER = com.DrG.CheckItOff3;
				PRODUCT_NAME = "$(TARGET_NAME)";
			};
			name = Release;
		};
/* End XCBuildConfiguration section */

/* Begin XCConfigurationList section */
		8C0C74451CFF739900038D36 /* Build configuration list for PBXProject "CheckItOff3" */ = {
			isa = XCConfigurationList;
			buildConfigurations = (
				8C0C745D1CFF739900038D36 /* Debug */,
				8C0C745E1CFF739900038D36 /* Release */,
			);
			defaultConfigurationIsVisible = 0;
			defaultConfigurationName = Release;
		};
		8C0C745F1CFF739900038D36 /* Build configuration list for PBXNativeTarget "CheckItOff3" */ = {
			isa = XCConfigurationList;
			buildConfigurations = (
				8C0C74601CFF739900038D36 /* Debug */,
				8C0C74611CFF739900038D36 /* Release */,
			);
			defaultConfigurationIsVisible = 0;
			defaultConfigurationName = Release;
		};
/* End XCConfigurationList section */

/* Begin XCVersionGroup section */
		8C0C74541CFF739900038D36 /* CheckItOff3.xcdatamodeld */ = {
			isa = XCVersionGroup;
			children = (
				8C0C74551CFF739900038D36 /* CheckItOff3.xcdatamodel */,
			);
			currentVersion = 8C0C74551CFF739900038D36 /* CheckItOff3.xcdatamodel */;
			path = CheckItOff3.xcdatamodeld;
			sourceTree = "<group>";
			versionGroupType = wrapper.xcdatamodel;
		};
/* End XCVersionGroup section */
	};
	rootObject = 8C0C74421CFF739900038D36 /* Project object */;
}
